
Microsoft Visual Studio Solution File, Format Version 12.00
# Visual Studio Version 16
VisualStudioVersion = 16.0.30114.105
MinimumVisualStudioVersion = 10.0.40219.1
Project("{FAE04EC0-301F-11D3-BF4B-00C04F79EFBC}") = "AuthenticationSamples", "AuthenticationSamples\AuthenticationSamples.csproj", "{69DE83FF-AD3C-40B8-AAF0-BDB51F36291E}"
EndProject
Global
	GlobalSection(SolutionConfigurationPlatforms) = preSolution
		Debug|Any CPU = Debug|Any CPU
		Release|Any CPU = Release|Any CPU
	EndGlobalSection
	GlobalSection(ProjectConfigurationPlatforms) = postSolution
		{69DE83FF-AD3C-40B8-AAF0-BDB51F36291E}.Debug|Any CPU.ActiveCfg = Debug|Any CPU
		{69DE83FF-AD3C-40B8-AAF0-BDB51F36291E}.Debug|Any CPU.Build.0 = Debug|Any CPU
		{69DE83FF-AD3C-40B8-AAF0-BDB51F36291E}.Release|Any CPU.ActiveCfg = Release|Any CPU
		{69DE83FF-AD3C-40B8-AAF0-BDB51F36291E}.Release|Any CPU.Build.0 = Release|Any CPU
	EndGlobalSection
	GlobalSection(SolutionProperties) = preSolution
		HideSolutionNode = FALSE
	EndGlobalSection
	GlobalSection(ExtensibilityGlobals) = postSolution
		SolutionGuid = {84325306-AA3A-415D-A22E-9288B70BCE5A}
	EndGlobalSection
EndGlobal
